
Microsoft Visual Studio Solution File, Format Version 12.00
# Visual Studio Version 17
VisualStudioVersion = 17.7.34221.43
MinimumVisualStudioVersion = 10.0.40219.1
Project("{FAE04EC0-301F-11D3-BF4B-00C04F79EFBC}") = "e_commerce_backend", "e_commerce_backend.csproj", "{118F4031-A0C4-45C0-8058-9FD09B5B16D1}"
EndProject
Global
	GlobalSection(SolutionConfigurationPlatforms) = preSolution
		Debug|Any CPU = Debug|Any CPU
		Release|Any CPU = Release|Any CPU
	EndGlobalSection
	GlobalSection(ProjectConfigurationPlatforms) = postSolution
		{118F4031-A0C4-45C0-8058-9FD09B5B16D1}.Debug|Any CPU.ActiveCfg = Debug|Any CPU
		{118F4031-A0C4-45C0-8058-9FD09B5B16D1}.Debug|Any CPU.Build.0 = Debug|Any CPU
		{118F4031-A0C4-45C0-8058-9FD09B5B16D1}.Release|Any CPU.ActiveCfg = Release|Any CPU
		{118F4031-A0C4-45C0-8058-9FD09B5B16D1}.Release|Any CPU.Build.0 = Release|Any CPU
	EndGlobalSection
	GlobalSection(SolutionProperties) = preSolution
		HideSolutionNode = FALSE
	EndGlobalSection
	GlobalSection(ExtensibilityGlobals) = postSolution
		SolutionGuid = {A7C41B25-7C8B-4641-81C6-AC9FC439D8DF}
	EndGlobalSection
EndGlobal
